
Microsoft Visual Studio Solution File, Format Version 12.00
# Visual Studio Version 17
VisualStudioVersion = 17.5.33424.131
MinimumVisualStudioVersion = 10.0.40219.1
Project("{FAE04EC0-301F-11D3-BF4B-00C04F79EFBC}") = "REST_API_TEMPLATE", "REST_API_TEMPLATE.csproj", "{E2B2579B-AADA-4AA6-B41E-0C169EE9068D}"
EndProject
Global
	GlobalSection(SolutionConfigurationPlatforms) = preSolution
		Debug|Any CPU = Debug|Any CPU
		Release|Any CPU = Release|Any CPU
	EndGlobalSection
	GlobalSection(ProjectConfigurationPlatforms) = postSolution
		{E2B2579B-AADA-4AA6-B41E-0C169EE9068D}.Debug|Any CPU.ActiveCfg = Debug|Any CPU
		{E2B2579B-AADA-4AA6-B41E-0C169EE9068D}.Debug|Any CPU.Build.0 = Debug|Any CPU
		{E2B2579B-AADA-4AA6-B41E-0C169EE9068D}.Release|Any CPU.ActiveCfg = Release|Any CPU
		{E2B2579B-AADA-4AA6-B41E-0C169EE9068D}.Release|Any CPU.Build.0 = Release|Any CPU
	EndGlobalSection
	GlobalSection(SolutionProperties) = preSolution
		HideSolutionNode = FALSE
	EndGlobalSection
	GlobalSection(ExtensibilityGlobals) = postSolution
		SolutionGuid = {9252D140-3557-430E-9366-52F34B12727E}
	EndGlobalSection
EndGlobal
